
Microsoft Visual Studio Solution File, Format Version 12.00
# Visual Studio Version 17
VisualStudioVersion = 17.3.32901.215
MinimumVisualStudioVersion = 10.0.40219.1
Project("{9A19103F-16F7-4668-BE54-9A1E7A4F7556}") = "DataAccess", "DataAccess\DataAccess.csproj", "{648F7074-4AAD-4448-82A7-B6128925A283}"
EndProject
Project("{FAE04EC0-301F-11D3-BF4B-00C04F79EFBC}") = "Repository", "Repository\Repository.csproj", "{F0159A32-732A-4E02-B2E7-958BB7EE72F4}"
EndProject
Project("{FAE04EC0-301F-11D3-BF4B-00C04F79EFBC}") = "ConsoleApp", "ConsoleApp\ConsoleApp.csproj", "{B1E5E161-43DA-4744-B002-3086A8AF30D2}"
EndProject
Global
	GlobalSection(SolutionConfigurationPlatforms) = preSolution
		Debug|Any CPU = Debug|Any CPU
		Release|Any CPU = Release|Any CPU
	EndGlobalSection
	GlobalSection(ProjectConfigurationPlatforms) = postSolution
		{648F7074-4AAD-4448-82A7-B6128925A283}.Debug|Any CPU.ActiveCfg = Debug|Any CPU
		{648F7074-4AAD-4448-82A7-B6128925A283}.Debug|Any CPU.Build.0 = Debug|Any CPU
		{648F7074-4AAD-4448-82A7-B6128925A283}.Release|Any CPU.ActiveCfg = Release|Any CPU
		{648F7074-4AAD-4448-82A7-B6128925A283}.Release|Any CPU.Build.0 = Release|Any CPU
		{F0159A32-732A-4E02-B2E7-958BB7EE72F4}.Debug|Any CPU.ActiveCfg = Debug|Any CPU
		{F0159A32-732A-4E02-B2E7-958BB7EE72F4}.Debug|Any CPU.Build.0 = Debug|Any CPU
		{F0159A32-732A-4E02-B2E7-958BB7EE72F4}.Release|Any CPU.ActiveCfg = Release|Any CPU
		{F0159A32-732A-4E02-B2E7-958BB7EE72F4}.Release|Any CPU.Build.0 = Release|Any CPU
		{B1E5E161-43DA-4744-B002-3086A8AF30D2}.Debug|Any CPU.ActiveCfg = Debug|Any CPU
		{B1E5E161-43DA-4744-B002-3086A8AF30D2}.Debug|Any CPU.Build.0 = Debug|Any CPU
		{B1E5E161-43DA-4744-B002-3086A8AF30D2}.Release|Any CPU.ActiveCfg = Release|Any CPU
		{B1E5E161-43DA-4744-B002-3086A8AF30D2}.Release|Any CPU.Build.0 = Release|Any CPU
	EndGlobalSection
	GlobalSection(SolutionProperties) = preSolution
		HideSolutionNode = FALSE
	EndGlobalSection
	GlobalSection(ExtensibilityGlobals) = postSolution
		SolutionGuid = {92930771-6866-4AC1-8F9F-4DB6A14D7612}
	EndGlobalSection
EndGlobal
